
Microsoft Visual Studio Solution File, Format Version 12.00
# Visual Studio Version 17
VisualStudioVersion = 17.8.34322.80
MinimumVisualStudioVersion = 10.0.40219.1
Project("{9A19103F-16F7-4668-BE54-9A1E7A4F7556}") = "BetterFinds", "BetterFinds.csproj", "{DF070231-F45C-4A88-B0C8-26E740BEA763}"
EndProject
Project("{2150E333-8FDC-42A3-9474-1A3956D46DE8}") = "Solution Items", "Solution Items", "{AD6C3CB9-31C8-4B08-98F3-3FEE8E39F6E9}"
	ProjectSection(SolutionItems) = preProject
		.editorconfig = .editorconfig
	EndProjectSection
EndProject
Global
	GlobalSection(SolutionConfigurationPlatforms) = preSolution
		Debug|Any CPU = Debug|Any CPU
		Release|Any CPU = Release|Any CPU
	EndGlobalSection
	GlobalSection(ProjectConfigurationPlatforms) = postSolution
		{DF070231-F45C-4A88-B0C8-26E740BEA763}.Debug|Any CPU.ActiveCfg = Debug|Any CPU
		{DF070231-F45C-4A88-B0C8-26E740BEA763}.Debug|Any CPU.Build.0 = Debug|Any CPU
		{DF070231-F45C-4A88-B0C8-26E740BEA763}.Release|Any CPU.ActiveCfg = Release|Any CPU
		{DF070231-F45C-4A88-B0C8-26E740BEA763}.Release|Any CPU.Build.0 = Release|Any CPU
	EndGlobalSection
	GlobalSection(SolutionProperties) = preSolution
		HideSolutionNode = FALSE
	EndGlobalSection
	GlobalSection(ExtensibilityGlobals) = postSolution
		SolutionGuid = {96EC7671-DA32-4259-BF1A-3909A8A5B35F}
	EndGlobalSection
EndGlobal
